
Microsoft Visual Studio Solution File, Format Version 12.00
# Visual Studio 15
VisualStudioVersion = 15.0.27924.0
MinimumVisualStudioVersion = 10.0.40219.1
Project("{FAE04EC0-301F-11D3-BF4B-00C04F79EFBC}") = "PIP Website PEN Tool", "Website PEN Tool\PIP Website PEN Tool.csproj", "{4AA9C149-4460-4638-9688-B2130A35EBA5}"
EndProject
Global
	GlobalSection(SolutionConfigurationPlatforms) = preSolution
		Debug|Any CPU = Debug|Any CPU
		Release|Any CPU = Release|Any CPU
	EndGlobalSection
	GlobalSection(ProjectConfigurationPlatforms) = postSolution
		{4AA9C149-4460-4638-9688-B2130A35EBA5}.Debug|Any CPU.ActiveCfg = Debug|Any CPU
		{4AA9C149-4460-4638-9688-B2130A35EBA5}.Debug|Any CPU.Build.0 = Debug|Any CPU
		{4AA9C149-4460-4638-9688-B2130A35EBA5}.Release|Any CPU.ActiveCfg = Release|Any CPU
		{4AA9C149-4460-4638-9688-B2130A35EBA5}.Release|Any CPU.Build.0 = Release|Any CPU
	EndGlobalSection
	GlobalSection(SolutionProperties) = preSolution
		HideSolutionNode = FALSE
	EndGlobalSection
	GlobalSection(ExtensibilityGlobals) = postSolution
		SolutionGuid = {173822DC-02D5-46A5-8486-FF1F71608DC3}
	EndGlobalSection
EndGlobal
